
Microsoft Visual Studio Solution File, Format Version 12.00
# Visual Studio Version 16
VisualStudioVersion = 16.0.29806.167
MinimumVisualStudioVersion = 10.0.40219.1
Project("{8BC9CEB8-8B4A-11D0-8D11-00A0C91BC942}") = "Bodies", "Bodies.vcxproj", "{E095676E-FF02-4BC5-8189-D1C4DAB5DF70}"
EndProject
Project("{8BC9CEB8-8B4A-11D0-8D11-00A0C91BC942}") = "BodiesTests", "..\BodiesTests\BodiesTests.vcxproj", "{F799897F-F602-47C6-90D7-CCBC3F2DB179}"
EndProject
Global
	GlobalSection(SolutionConfigurationPlatforms) = preSolution
		Debug|x64 = Debug|x64
		Debug|x86 = Debug|x86
		Release|x64 = Release|x64
		Release|x86 = Release|x86
	EndGlobalSection
	GlobalSection(ProjectConfigurationPlatforms) = postSolution
		{E095676E-FF02-4BC5-8189-D1C4DAB5DF70}.Debug|x64.ActiveCfg = Debug|x64
		{E095676E-FF02-4BC5-8189-D1C4DAB5DF70}.Debug|x64.Build.0 = Debug|x64
		{E095676E-FF02-4BC5-8189-D1C4DAB5DF70}.Debug|x86.ActiveCfg = Debug|Win32
		{E095676E-FF02-4BC5-8189-D1C4DAB5DF70}.Debug|x86.Build.0 = Debug|Win32
		{E095676E-FF02-4BC5-8189-D1C4DAB5DF70}.Release|x64.ActiveCfg = Release|x64
		{E095676E-FF02-4BC5-8189-D1C4DAB5DF70}.Release|x64.Build.0 = Release|x64
		{E095676E-FF02-4BC5-8189-D1C4DAB5DF70}.Release|x86.ActiveCfg = Release|Win32
		{E095676E-FF02-4BC5-8189-D1C4DAB5DF70}.Release|x86.Build.0 = Release|Win32
		{F799897F-F602-47C6-90D7-CCBC3F2DB179}.Debug|x64.ActiveCfg = Debug|x64
		{F799897F-F602-47C6-90D7-CCBC3F2DB179}.Debug|x64.Build.0 = Debug|x64
		{F799897F-F602-47C6-90D7-CCBC3F2DB179}.Debug|x86.ActiveCfg = Debug|Win32
		{F799897F-F602-47C6-90D7-CCBC3F2DB179}.Debug|x86.Build.0 = Debug|Win32
		{F799897F-F602-47C6-90D7-CCBC3F2DB179}.Release|x64.ActiveCfg = Release|x64
		{F799897F-F602-47C6-90D7-CCBC3F2DB179}.Release|x64.Build.0 = Release|x64
		{F799897F-F602-47C6-90D7-CCBC3F2DB179}.Release|x86.ActiveCfg = Release|Win32
		{F799897F-F602-47C6-90D7-CCBC3F2DB179}.Release|x86.Build.0 = Release|Win32
	EndGlobalSection
	GlobalSection(SolutionProperties) = preSolution
		HideSolutionNode = FALSE
	EndGlobalSection
	GlobalSection(ExtensibilityGlobals) = postSolution
		SolutionGuid = {1A442BBF-0D05-4EE5-A5D6-6BD9B40A8DBF}
	EndGlobalSection
EndGlobal
